<?xml version="1.0" encoding="utf-8"?>
<Project ToolsVersion="4.0" xmlns="http://schemas.microsoft.com/developer/msbuild/2003">
  <ItemGroup>
    <Filter Include="ソース ファイル">
      <UniqueIdentifier>{4FC737F1-C7A5-4376-A066-2A32D752A2FF}</UniqueIdentifier>
      <Extensions>cpp;c;cc;cxx;c++;cppm;ixx;def;odl;idl;hpj;bat;asm;asmx</Extensions>
    </Filter>
    <Filter Include="ヘッダー ファイル">
      <UniqueIdentifier>{93995380-89BD-4b04-88EB-625FBE52EBFB}</UniqueIdentifier>
      <Extensions>h;hh;hpp;hxx;h++;hm;inl;inc;ipp;xsd</Extensions>
    </Filter>
    <Filter Include="リソース ファイル">
      <UniqueIdentifier>{67DA6AB6-F800-4c08-8B7A-83BB121AAD01}</UniqueIdentifier>
      <Extensions>rc;ico;cur;bmp;dlg;rc2;rct;bin;rgs;gif;jpg;jpeg;jpe;resx;tiff;tif;png;wav;mfcribbon-ms</Extensions>
    </Filter>
    <Filter Include="シェーダーファイル">
      <UniqueIdentifier>{875490a3-9859-432a-a771-6225e08587fb}</UniqueIdentifier>
    </Filter>
    <Filter Include="ソース ファイル\engine">
      <UniqueIdentifier>{413d7b36-41f0-4db7-baf1-3fd8be8c483e}</UniqueIdentifier>
    </Filter>
    <Filter Include="ソース ファイル\engine\scene">
      <UniqueIdentifier>{d255db23-2855-4066-a5f4-59ee2fb5bc55}</UniqueIdentifier>
    </Filter>
    <Filter Include="ソース ファイル\engine\io">
      <UniqueIdentifier>{631e96b0-3ccc-4687-a519-9a82b45bb52e}</UniqueIdentifier>
    </Filter>
    <Filter Include="ソース ファイル\engine\base">
      <UniqueIdentifier>{f141441e-52bc-4aac-a1c1-50d7bd944acb}</UniqueIdentifier>
    </Filter>
    <Filter Include="ソース ファイル\engine\audio">
      <UniqueIdentifier>{9b12d404-90da-436b-808c-5961bce7215f}</UniqueIdentifier>
    </Filter>
    <Filter Include="ソース ファイル\engine\3d">
      <UniqueIdentifier>{ce1b89b2-8284-4d6b-963b-4f11470bcd9a}</UniqueIdentifier>
    </Filter>
    <Filter Include="ソース ファイル\engine\2d">
      <UniqueIdentifier>{637b9692-39e8-452f-8271-70a64beab70d}</UniqueIdentifier>
    </Filter>
    <Filter Include="ソース ファイル\application">
      <UniqueIdentifier>{1ced5a61-1ac9-4dc2-8d75-f57c0e6d6e25}</UniqueIdentifier>
    </Filter>
    <Filter Include="ソース ファイル\engine\math">
      <UniqueIdentifier>{ad081abc-e66b-4625-859e-30aaebfb55f0}</UniqueIdentifier>
    </Filter>
    <Filter Include="ソース ファイル\engine\particle">
      <UniqueIdentifier>{139119bc-655e-4dce-8b03-ed53521f5f6a}</UniqueIdentifier>
    </Filter>
    <Filter Include="ソース ファイル\engine\debugDraw">
      <UniqueIdentifier>{89e9caf4-f81c-4c0f-aa38-236b04ea82ed}</UniqueIdentifier>
    </Filter>
    <Filter Include="ソース ファイル\engine\animation">
      <UniqueIdentifier>{b8732cb2-8347-442b-a11e-8ade3994c9b7}</UniqueIdentifier>
    </Filter>
    <Filter Include="extarnals">
      <UniqueIdentifier>{eb8c2612-a26e-4d07-89e6-2133372e398d}</UniqueIdentifier>
    </Filter>
    <Filter Include="extarnals\assimp">
      <UniqueIdentifier>{ecfc2ca2-e1a2-48d8-9539-325397b3a716}</UniqueIdentifier>
    </Filter>
    <Filter Include="extarnals\imgui">
      <UniqueIdentifier>{7d425a11-f544-4884-bb9b-09251ae3d2f2}</UniqueIdentifier>
    </Filter>
    <Filter Include="ヘッダー ファイル\engine">
      <UniqueIdentifier>{bda154e4-1d6f-4f92-89ce-a5084e674505}</UniqueIdentifier>
    </Filter>
    <Filter Include="ヘッダー ファイル\engine\2d">
      <UniqueIdentifier>{c0e82123-58e1-4d69-9d18-8c8e9de7f600}</UniqueIdentifier>
    </Filter>
    <Filter Include="ヘッダー ファイル\engine\3d">
      <UniqueIdentifier>{281b6b72-e72d-4455-b3b5-65136d9722c5}</UniqueIdentifier>
    </Filter>
    <Filter Include="ヘッダー ファイル\engine\animation">
      <UniqueIdentifier>{86d3a5d3-6679-4587-9819-840785190a1b}</UniqueIdentifier>
    </Filter>
    <Filter Include="ヘッダー ファイル\engine\audio">
      <UniqueIdentifier>{88c90c84-370d-46a0-a4d9-e38a720d8b46}</UniqueIdentifier>
    </Filter>
    <Filter Include="ヘッダー ファイル\engine\base">
      <UniqueIdentifier>{65749779-8a60-4ba3-a192-6ca4983c1d36}</UniqueIdentifier>
    </Filter>
    <Filter Include="ヘッダー ファイル\engine\debugDraw">
      <UniqueIdentifier>{6e3ebab0-12a9-4f8b-9d7c-4b746fe377fa}</UniqueIdentifier>
    </Filter>
    <Filter Include="ヘッダー ファイル\engine\io">
      <UniqueIdentifier>{16c55081-fb2b-4bc6-b8f5-876c3caf069b}</UniqueIdentifier>
    </Filter>
    <Filter Include="ヘッダー ファイル\engine\math">
      <UniqueIdentifier>{7650b3b4-79d7-4b72-84cb-b922b2554b8d}</UniqueIdentifier>
    </Filter>
    <Filter Include="ヘッダー ファイル\engine\particle">
      <UniqueIdentifier>{b3c45c92-aefa-43de-9ed4-4c57b5993196}</UniqueIdentifier>
    </Filter>
    <Filter Include="ヘッダー ファイル\engine\scene">
      <UniqueIdentifier>{16dec66d-851a-42f9-b8c6-035d3b4cea09}</UniqueIdentifier>
    </Filter>
    <Filter Include="ソース ファイル\engine\stageLoad">
      <UniqueIdentifier>{6555a5c8-4c25-45cb-8212-c8c9d62fe16c}</UniqueIdentifier>
    </Filter>
    <Filter Include="ヘッダー ファイル\application">
      <UniqueIdentifier>{2c8351ca-1d0d-4fde-8d31-738c925fd9ab}</UniqueIdentifier>
    </Filter>
    <Filter Include="ヘッダー ファイル\engine\stageLoad">
      <UniqueIdentifier>{b541bbdf-772a-438e-9609-757fca5decd9}</UniqueIdentifier>
    </Filter>
    <Filter Include="ヘッダー ファイル\application\player">
      <UniqueIdentifier>{66b94fcb-5694-4297-bbe5-4df3e805525c}</UniqueIdentifier>
    </Filter>
    <Filter Include="ヘッダー ファイル\application\enemy">
      <UniqueIdentifier>{accc2cf9-8c36-41fb-99ed-118f6e3743ca}</UniqueIdentifier>
    </Filter>
    <Filter Include="ヘッダー ファイル\application\event">
      <UniqueIdentifier>{f26ec2a3-d73d-4216-913f-b3b39f2ca4cf}</UniqueIdentifier>
    </Filter>
    <Filter Include="ヘッダー ファイル\application\collision">
      <UniqueIdentifier>{7719541b-7748-411d-beb2-ac6497d473da}</UniqueIdentifier>
    </Filter>
    <Filter Include="ソース ファイル\application\player">
      <UniqueIdentifier>{6bbbab77-afed-41b2-b301-8ea7803cfba0}</UniqueIdentifier>
    </Filter>
    <Filter Include="ソース ファイル\application\enemy">
      <UniqueIdentifier>{65182aee-17a1-4b17-9c92-1f33221f0b4b}</UniqueIdentifier>
    </Filter>
    <Filter Include="ソース ファイル\application\event">
      <UniqueIdentifier>{0da049cd-f24e-4009-8e68-172e99c1a34a}</UniqueIdentifier>
    </Filter>
    <Filter Include="ソース ファイル\application\collider">
      <UniqueIdentifier>{775c9440-c23a-49e2-acd0-c977066f1ceb}</UniqueIdentifier>
    </Filter>
  </ItemGroup>
  <ItemGroup>
    <ClCompile Include="main.cpp">
      <Filter>ソース ファイル</Filter>
    </ClCompile>
    <ClCompile Include="engine\animation\AnimationCommon.cpp">
      <Filter>ソース ファイル\engine\animation</Filter>
    </ClCompile>
    <ClCompile Include="engine\audio\Audio.cpp">
      <Filter>ソース ファイル\engine\audio</Filter>
    </ClCompile>
    <ClCompile Include="engine\scene\BaseScene.cpp">
      <Filter>ソース ファイル\engine\scene</Filter>
    </ClCompile>
    <ClCompile Include="engine\base\Camera.cpp">
      <Filter>ソース ファイル\engine\base</Filter>
    </ClCompile>
    <ClCompile Include="engine\base\D3DResourceLeakChecker.cpp">
      <Filter>ソース ファイル\engine\base</Filter>
    </ClCompile>
    <ClCompile Include="engine\debugDraw\DebugDraw.cpp">
      <Filter>ソース ファイル\engine\debugDraw</Filter>
    </ClCompile>
    <ClCompile Include="engine\debugDraw\DebugDrawCommon.cpp">
      <Filter>ソース ファイル\engine\debugDraw</Filter>
    </ClCompile>
    <ClCompile Include="engine\base\DirectXBasis.cpp">
      <Filter>ソース ファイル\engine\base</Filter>
    </ClCompile>
    <ClCompile Include="engine\base\Framework.cpp">
      <Filter>ソース ファイル\engine\base</Filter>
    </ClCompile>
    <ClCompile Include="engine\scene\Game.cpp">
      <Filter>ソース ファイル\engine\scene</Filter>
    </ClCompile>
    <ClCompile Include="engine\scene\GamePlayScene.cpp">
      <Filter>ソース ファイル\engine\scene</Filter>
    </ClCompile>
    <ClCompile Include="engine\base\ImguiManager.cpp">
      <Filter>ソース ファイル\engine\base</Filter>
    </ClCompile>
    <ClCompile Include="engine\io\Input.cpp">
      <Filter>ソース ファイル\engine\io</Filter>
    </ClCompile>
    <ClCompile Include="engine\base\Logger.cpp">
      <Filter>ソース ファイル\engine\base</Filter>
    </ClCompile>
    <ClCompile Include="engine\math\MathManager.cpp">
      <Filter>ソース ファイル\engine\math</Filter>
    </ClCompile>
    <ClCompile Include="engine\3d\Model.cpp">
      <Filter>ソース ファイル\engine\3d</Filter>
    </ClCompile>
    <ClCompile Include="engine\3d\ModelCommon.cpp">
      <Filter>ソース ファイル\engine\3d</Filter>
    </ClCompile>
    <ClCompile Include="engine\3d\ModelManager.cpp">
      <Filter>ソース ファイル\engine\3d</Filter>
    </ClCompile>
    <ClCompile Include="engine\3d\Object3d.cpp">
      <Filter>ソース ファイル\engine\3d</Filter>
    </ClCompile>
    <ClCompile Include="engine\3d\Object3dCommon.cpp">
      <Filter>ソース ファイル\engine\3d</Filter>
    </ClCompile>
    <ClCompile Include="engine\particle\ParticleEmitter.cpp">
      <Filter>ソース ファイル\engine\particle</Filter>
    </ClCompile>
    <ClCompile Include="engine\particle\ParticleManager.cpp">
      <Filter>ソース ファイル\engine\particle</Filter>
    </ClCompile>
    <ClCompile Include="engine\base\RenderTexture.cpp">
      <Filter>ソース ファイル\engine\base</Filter>
    </ClCompile>
    <ClCompile Include="engine\scene\SceneFactory.cpp">
      <Filter>ソース ファイル\engine\scene</Filter>
    </ClCompile>
    <ClCompile Include="engine\scene\SceneManager.cpp">
      <Filter>ソース ファイル\engine\scene</Filter>
    </ClCompile>
    <ClCompile Include="engine\3d\Skybox.cpp">
      <Filter>ソース ファイル\engine\3d</Filter>
    </ClCompile>
    <ClCompile Include="engine\3d\SkyboxCommon.cpp">
      <Filter>ソース ファイル\engine\3d</Filter>
    </ClCompile>
    <ClCompile Include="engine\2d\Sprite.cpp">
      <Filter>ソース ファイル\engine\2d</Filter>
    </ClCompile>
    <ClCompile Include="engine\2d\SpriteCommon.cpp">
      <Filter>ソース ファイル\engine\2d</Filter>
    </ClCompile>
    <ClCompile Include="engine\base\SrvManager.cpp">
      <Filter>ソース ファイル\engine\base</Filter>
    </ClCompile>
    <ClCompile Include="engine\base\StringUtility.cpp">
      <Filter>ソース ファイル\engine\base</Filter>
    </ClCompile>
    <ClCompile Include="engine\base\TextureManager.cpp">
      <Filter>ソース ファイル\engine\base</Filter>
    </ClCompile>
    <ClCompile Include="engine\scene\TitleScene.cpp">
      <Filter>ソース ファイル\engine\scene</Filter>
    </ClCompile>
    <ClCompile Include="engine\base\WinAPIManager.cpp">
      <Filter>ソース ファイル\engine\base</Filter>
    </ClCompile>
    <ClCompile Include="engine\stageLoad\StageData.cpp">
      <Filter>ソース ファイル\engine\stageLoad</Filter>
    </ClCompile>
    <ClCompile Include="engine\stageLoad\StageManager.cpp">
      <Filter>ソース ファイル\engine\stageLoad</Filter>
    </ClCompile>
    <ClCompile Include="application\event\BaseEvent.cpp">
      <Filter>ソース ファイル\application\event</Filter>
    </ClCompile>
    <ClCompile Include="application\event\ChangePostEffectEvent.cpp">
      <Filter>ソース ファイル\application\event</Filter>
    </ClCompile>
    <ClCompile Include="application\enemy\BaseEnemy.cpp">
      <Filter>ソース ファイル\application\enemy</Filter>
    </ClCompile>
    <ClCompile Include="application\enemy\Enemy.cpp">
      <Filter>ソース ファイル\application\enemy</Filter>
    </ClCompile>
    <ClCompile Include="application\enemy\EnemyManager.cpp">
      <Filter>ソース ファイル\application\enemy</Filter>
    </ClCompile>
    <ClCompile Include="application\event\EventManager.cpp">
      <Filter>ソース ファイル\application\event</Filter>
    </ClCompile>
    <ClCompile Include="application\player\Player.cpp">
      <Filter>ソース ファイル\application\player</Filter>
    </ClCompile>
    <ClCompile Include="application\collider\CollisionManager.cpp">
      <Filter>ソース ファイル</Filter>
    </ClCompile>
    <ClCompile Include="application\base\BaseCharacter.cpp">
      <Filter>ソース ファイル</Filter>
    </ClCompile>
    <ClCompile Include="application\railCamera\RailCameraController.cpp">
      <Filter>ソース ファイル</Filter>
    </ClCompile>
    <ClCompile Include="application\bullet\BaseBullet.cpp">
      <Filter>ソース ファイル</Filter>
    </ClCompile>
    <ClCompile Include="application\bullet\Bullet.cpp">
      <Filter>ソース ファイル</Filter>
    </ClCompile>
    <ClCompile Include="application\bullet\BulletManager.cpp">
      <Filter>ソース ファイル</Filter>
    </ClCompile>
    <ClCompile Include="application\lockOn\LockOn.cpp">
      <Filter>ソース ファイル</Filter>
    </ClCompile>
    <ClCompile Include="application\skydome\Skydome.cpp">
      <Filter>ソース ファイル</Filter>
    </ClCompile>
    <ClCompile Include="application\damage\DamageManager.cpp">
      <Filter>ソース ファイル</Filter>
    </ClCompile>
  </ItemGroup>
  <ItemGroup>
    <FxCompile Include="resources\shaders\object3d\Object3d.PS.hlsl">
      <Filter>シェーダーファイル</Filter>
    </FxCompile>
    <FxCompile Include="resources\shaders\object3d\Object3d.VS.hlsl">
      <Filter>シェーダーファイル</Filter>
    </FxCompile>
    <FxCompile Include="resources\shaders\object3d\Object3d.hlsli">
      <Filter>シェーダーファイル</Filter>
    </FxCompile>
    <FxCompile Include="resources\shaders\postEffect\BoxFilter.PS.hlsl">
      <Filter>シェーダーファイル</Filter>
    </FxCompile>
    <FxCompile Include="resources\shaders\postEffect\BoxFilter5x5.PS.hlsl">
      <Filter>シェーダーファイル</Filter>
    </FxCompile>
    <FxCompile Include="resources\shaders\debugDraw\DebugDraw.PS.hlsl">
      <Filter>シェーダーファイル</Filter>
    </FxCompile>
    <FxCompile Include="resources\shaders\debugDraw\DebugDraw.VS.hlsl">
      <Filter>シェーダーファイル</Filter>
    </FxCompile>
    <FxCompile Include="resources\shaders\postEffect\DepthBasedOutline.PS.hlsl">
      <Filter>シェーダーファイル</Filter>
    </FxCompile>
    <FxCompile Include="resources\shaders\postEffect\Dissolve.PS.hlsl">
      <Filter>シェーダーファイル</Filter>
    </FxCompile>
    <FxCompile Include="resources\shaders\postEffect\FullScreen.PS.hlsl">
      <Filter>シェーダーファイル</Filter>
    </FxCompile>
    <FxCompile Include="resources\shaders\postEffect\FullScreen.VS.hlsl">
      <Filter>シェーダーファイル</Filter>
    </FxCompile>
    <FxCompile Include="resources\shaders\postEffect\GaussianFilter.PS.hlsl">
      <Filter>シェーダーファイル</Filter>
    </FxCompile>
    <FxCompile Include="resources\shaders\postEffect\GrayScale.PS.hlsl">
      <Filter>シェーダーファイル</Filter>
    </FxCompile>
    <FxCompile Include="resources\shaders\postEffect\LuminanceBasedOutline.PS.hlsl">
      <Filter>シェーダーファイル</Filter>
    </FxCompile>
    <FxCompile Include="resources\shaders\particle\Particle.hlsli">
      <Filter>シェーダーファイル</Filter>
    </FxCompile>
    <FxCompile Include="resources\shaders\particle\Particle.PS.hlsl">
      <Filter>シェーダーファイル</Filter>
    </FxCompile>
    <FxCompile Include="resources\shaders\particle\Particle.VS.hlsl">
      <Filter>シェーダーファイル</Filter>
    </FxCompile>
    <FxCompile Include="resources\shaders\particle\ParticleEmitter.CS.hlsl">
      <Filter>シェーダーファイル</Filter>
    </FxCompile>
    <FxCompile Include="resources\shaders\particle\ParticleInitialize.CS.hlsl">
      <Filter>シェーダーファイル</Filter>
    </FxCompile>
    <FxCompile Include="resources\shaders\particle\ParticleUpdate.CS.hlsl">
      <Filter>シェーダーファイル</Filter>
    </FxCompile>
    <FxCompile Include="resources\shaders\postEffect\RadialBlur.PS.hlsl">
      <Filter>シェーダーファイル</Filter>
    </FxCompile>
    <FxCompile Include="resources\shaders\postEffect\Random.PS.hlsl">
      <Filter>シェーダーファイル</Filter>
    </FxCompile>
    <FxCompile Include="resources\shaders\postEffect\SepiaScale.PS.hlsl">
      <Filter>シェーダーファイル</Filter>
    </FxCompile>
    <FxCompile Include="resources\shaders\object3d\Skinning.CS.hlsl">
      <Filter>シェーダーファイル</Filter>
    </FxCompile>
    <FxCompile Include="resources\shaders\skybox\Skybox.PS.hlsl">
      <Filter>シェーダーファイル</Filter>
    </FxCompile>
    <FxCompile Include="resources\shaders\skybox\Skybox.VS.hlsl">
      <Filter>シェーダーファイル</Filter>
    </FxCompile>
    <FxCompile Include="resources\shaders\postEffect\Vignette.PS.hlsl">
      <Filter>シェーダーファイル</Filter>
    </FxCompile>
  </ItemGroup>
  <ItemGroup>
    <ClInclude Include="engine\scene\AbstractSceneFactory.h">
      <Filter>ヘッダー ファイル\engine\scene</Filter>
    </ClInclude>
    <ClInclude Include="engine\animation\AnimationCommon.h">
      <Filter>ヘッダー ファイル\engine\animation</Filter>
    </ClInclude>
    <ClInclude Include="engine\audio\Audio.h">
      <Filter>ヘッダー ファイル\engine\audio</Filter>
    </ClInclude>
    <ClInclude Include="engine\scene\BaseScene.h">
      <Filter>ヘッダー ファイル\engine\scene</Filter>
    </ClInclude>
    <ClInclude Include="engine\base\Camera.h">
      <Filter>ヘッダー ファイル\engine\base</Filter>
    </ClInclude>
    <ClInclude Include="externals\assimp\include\assimp\aabb.h">
      <Filter>extarnals\assimp</Filter>
    </ClInclude>
    <ClInclude Include="externals\assimp\include\assimp\ai_assert.h">
      <Filter>extarnals\assimp</Filter>
    </ClInclude>
    <ClInclude Include="externals\assimp\include\assimp\anim.h">
      <Filter>extarnals\assimp</Filter>
    </ClInclude>
    <ClInclude Include="externals\assimp\include\assimp\AssertHandler.h">
      <Filter>extarnals\assimp</Filter>
    </ClInclude>
    <ClInclude Include="externals\assimp\include\assimp\Base64.hpp">
      <Filter>extarnals\assimp</Filter>
    </ClInclude>
    <ClInclude Include="externals\assimp\include\assimp\BaseImporter.h">
      <Filter>extarnals\assimp</Filter>
    </ClInclude>
    <ClInclude Include="externals\assimp\include\assimp\Bitmap.h">
      <Filter>extarnals\assimp</Filter>
    </ClInclude>
    <ClInclude Include="externals\assimp\include\assimp\BlobIOSystem.h">
      <Filter>extarnals\assimp</Filter>
    </ClInclude>
    <ClInclude Include="externals\assimp\include\assimp\ByteSwapper.h">
      <Filter>extarnals\assimp</Filter>
    </ClInclude>
    <ClInclude Include="externals\assimp\include\assimp\camera.h">
      <Filter>extarnals\assimp</Filter>
    </ClInclude>
    <ClInclude Include="externals\assimp\include\assimp\cexport.h">
      <Filter>extarnals\assimp</Filter>
    </ClInclude>
    <ClInclude Include="externals\assimp\include\assimp\cfileio.h">
      <Filter>extarnals\assimp</Filter>
    </ClInclude>
    <ClInclude Include="externals\assimp\include\assimp\cimport.h">
      <Filter>extarnals\assimp</Filter>
    </ClInclude>
    <ClInclude Include="externals\assimp\include\assimp\ColladaMetaData.h">
      <Filter>extarnals\assimp</Filter>
    </ClInclude>
    <ClInclude Include="externals\assimp\include\assimp\color4.h">
      <Filter>extarnals\assimp</Filter>
    </ClInclude>
    <ClInclude Include="externals\assimp\include\assimp\commonMetaData.h">
      <Filter>extarnals\assimp</Filter>
    </ClInclude>
    <ClInclude Include="externals\assimp\include\assimp\config.h">
      <Filter>extarnals\assimp</Filter>
    </ClInclude>
    <ClInclude Include="externals\assimp\include\assimp\CreateAnimMesh.h">
      <Filter>extarnals\assimp</Filter>
    </ClInclude>
    <ClInclude Include="externals\assimp\include\assimp\DefaultIOStream.h">
      <Filter>extarnals\assimp</Filter>
    </ClInclude>
    <ClInclude Include="externals\assimp\include\assimp\DefaultIOSystem.h">
      <Filter>extarnals\assimp</Filter>
    </ClInclude>
    <ClInclude Include="externals\assimp\include\assimp\DefaultLogger.hpp">
      <Filter>extarnals\assimp</Filter>
    </ClInclude>
    <ClInclude Include="externals\assimp\include\assimp\defs.h">
      <Filter>extarnals\assimp</Filter>
    </ClInclude>
    <ClInclude Include="externals\assimp\include\assimp\Exceptional.h">
      <Filter>extarnals\assimp</Filter>
    </ClInclude>
    <ClInclude Include="externals\assimp\include\assimp\Exporter.hpp">
      <Filter>extarnals\assimp</Filter>
    </ClInclude>
    <ClInclude Include="externals\assimp\include\assimp\fast_atof.h">
      <Filter>extarnals\assimp</Filter>
    </ClInclude>
    <ClInclude Include="externals\assimp\include\assimp\GenericProperty.h">
      <Filter>extarnals\assimp</Filter>
    </ClInclude>
    <ClInclude Include="externals\assimp\include\assimp\GltfMaterial.h">
      <Filter>extarnals\assimp</Filter>
    </ClInclude>
    <ClInclude Include="externals\assimp\include\assimp\Hash.h">
      <Filter>extarnals\assimp</Filter>
    </ClInclude>
    <ClInclude Include="externals\assimp\include\assimp\Importer.hpp">
      <Filter>extarnals\assimp</Filter>
    </ClInclude>
    <ClInclude Include="externals\assimp\include\assimp\importerdesc.h">
      <Filter>extarnals\assimp</Filter>
    </ClInclude>
    <ClInclude Include="externals\assimp\include\assimp\IOStream.hpp">
      <Filter>extarnals\assimp</Filter>
    </ClInclude>
    <ClInclude Include="externals\assimp\include\assimp\IOStreamBuffer.h">
      <Filter>extarnals\assimp</Filter>
    </ClInclude>
    <ClInclude Include="externals\assimp\include\assimp\IOSystem.hpp">
      <Filter>extarnals\assimp</Filter>
    </ClInclude>
    <ClInclude Include="externals\assimp\include\assimp\light.h">
      <Filter>extarnals\assimp</Filter>
    </ClInclude>
    <ClInclude Include="externals\assimp\include\assimp\LineSplitter.h">
      <Filter>extarnals\assimp</Filter>
    </ClInclude>
    <ClInclude Include="externals\assimp\include\assimp\LogAux.h">
      <Filter>extarnals\assimp</Filter>
    </ClInclude>
    <ClInclude Include="externals\assimp\include\assimp\MathFunctions.h">
      <Filter>extarnals\assimp</Filter>
    </ClInclude>
    <ClInclude Include="externals\assimp\include\assimp\Logger.hpp">
      <Filter>extarnals\assimp</Filter>
    </ClInclude>
    <ClInclude Include="externals\assimp\include\assimp\LogStream.hpp">
      <Filter>extarnals\assimp</Filter>
    </ClInclude>
    <ClInclude Include="externals\assimp\include\assimp\material.h">
      <Filter>extarnals\assimp</Filter>
    </ClInclude>
    <ClInclude Include="externals\assimp\include\assimp\matrix3x3.h">
      <Filter>extarnals\assimp</Filter>
    </ClInclude>
    <ClInclude Include="externals\assimp\include\assimp\matrix4x4.h">
      <Filter>extarnals\assimp</Filter>
    </ClInclude>
    <ClInclude Include="externals\assimp\include\assimp\MemoryIOWrapper.h">
      <Filter>extarnals\assimp</Filter>
    </ClInclude>
    <ClInclude Include="externals\assimp\include\assimp\mesh.h">
      <Filter>extarnals\assimp</Filter>
    </ClInclude>
    <ClInclude Include="externals\assimp\include\assimp\metadata.h">
      <Filter>extarnals\assimp</Filter>
    </ClInclude>
    <ClInclude Include="externals\assimp\include\assimp\NullLogger.hpp">
      <Filter>extarnals\assimp</Filter>
    </ClInclude>
    <ClInclude Include="externals\assimp\include\assimp\ObjMaterial.h">
      <Filter>extarnals\assimp</Filter>
    </ClInclude>
    <ClInclude Include="externals\assimp\include\assimp\ParsingUtils.h">
      <Filter>extarnals\assimp</Filter>
    </ClInclude>
    <ClInclude Include="externals\assimp\include\assimp\pbrmaterial.h">
      <Filter>extarnals\assimp</Filter>
    </ClInclude>
    <ClInclude Include="externals\assimp\include\assimp\postprocess.h">
      <Filter>extarnals\assimp</Filter>
    </ClInclude>
    <ClInclude Include="externals\assimp\include\assimp\Profiler.h">
      <Filter>extarnals\assimp</Filter>
    </ClInclude>
    <ClInclude Include="externals\assimp\include\assimp\ProgressHandler.hpp">
      <Filter>extarnals\assimp</Filter>
    </ClInclude>
    <ClInclude Include="externals\assimp\include\assimp\qnan.h">
      <Filter>extarnals\assimp</Filter>
    </ClInclude>
    <ClInclude Include="externals\assimp\include\assimp\quaternion.h">
      <Filter>extarnals\assimp</Filter>
    </ClInclude>
    <ClInclude Include="externals\assimp\include\assimp\RemoveComments.h">
      <Filter>extarnals\assimp</Filter>
    </ClInclude>
    <ClInclude Include="externals\assimp\include\assimp\SceneCombiner.h">
      <Filter>extarnals\assimp</Filter>
    </ClInclude>
    <ClInclude Include="externals\assimp\include\assimp\SGSpatialSort.h">
      <Filter>extarnals\assimp</Filter>
    </ClInclude>
    <ClInclude Include="externals\assimp\include\assimp\SkeletonMeshBuilder.h">
      <Filter>extarnals\assimp</Filter>
    </ClInclude>
    <ClInclude Include="externals\assimp\include\assimp\SmallVector.h">
      <Filter>extarnals\assimp</Filter>
    </ClInclude>
    <ClInclude Include="externals\assimp\include\assimp\SmoothingGroups.h">
      <Filter>extarnals\assimp</Filter>
    </ClInclude>
    <ClInclude Include="externals\assimp\include\assimp\SpatialSort.h">
      <Filter>extarnals\assimp</Filter>
    </ClInclude>
    <ClInclude Include="externals\assimp\include\assimp\StandardShapes.h">
      <Filter>extarnals\assimp</Filter>
    </ClInclude>
    <ClInclude Include="externals\assimp\include\assimp\StreamReader.h">
      <Filter>extarnals\assimp</Filter>
    </ClInclude>
    <ClInclude Include="externals\assimp\include\assimp\StreamWriter.h">
      <Filter>extarnals\assimp</Filter>
    </ClInclude>
    <ClInclude Include="externals\assimp\include\assimp\StringComparison.h">
      <Filter>extarnals\assimp</Filter>
    </ClInclude>
    <ClInclude Include="externals\assimp\include\assimp\StringUtils.h">
      <Filter>extarnals\assimp</Filter>
    </ClInclude>
    <ClInclude Include="externals\assimp\include\assimp\Subdivision.h">
      <Filter>extarnals\assimp</Filter>
    </ClInclude>
    <ClInclude Include="externals\assimp\include\assimp\texture.h">
      <Filter>extarnals\assimp</Filter>
    </ClInclude>
    <ClInclude Include="externals\assimp\include\assimp\TinyFormatter.h">
      <Filter>extarnals\assimp</Filter>
    </ClInclude>
    <ClInclude Include="externals\assimp\include\assimp\types.h">
      <Filter>extarnals\assimp</Filter>
    </ClInclude>
    <ClInclude Include="externals\assimp\include\assimp\vector2.h">
      <Filter>extarnals\assimp</Filter>
    </ClInclude>
    <ClInclude Include="externals\assimp\include\assimp\vector3.h">
      <Filter>extarnals\assimp</Filter>
    </ClInclude>
    <ClInclude Include="externals\assimp\include\assimp\version.h">
      <Filter>extarnals\assimp</Filter>
    </ClInclude>
    <ClInclude Include="externals\assimp\include\assimp\Vertex.h">
      <Filter>extarnals\assimp</Filter>
    </ClInclude>
    <ClInclude Include="externals\assimp\include\assimp\XmlParser.h">
      <Filter>extarnals\assimp</Filter>
    </ClInclude>
    <ClInclude Include="externals\assimp\include\assimp\XMLTools.h">
      <Filter>extarnals\assimp</Filter>
    </ClInclude>
    <ClInclude Include="externals\assimp\include\assimp\ZipArchiveIOSystem.h">
      <Filter>extarnals\assimp</Filter>
    </ClInclude>
    <ClInclude Include="engine\base\D3DResourceLeakChecker.h">
      <Filter>ヘッダー ファイル\engine\base</Filter>
    </ClInclude>
    <ClInclude Include="engine\base\DirectXBasis.h">
      <Filter>ヘッダー ファイル\engine\base</Filter>
    </ClInclude>
    <ClInclude Include="engine\base\Framework.h">
      <Filter>ヘッダー ファイル\engine\base</Filter>
    </ClInclude>
    <ClInclude Include="engine\base\ImguiManager.h">
      <Filter>ヘッダー ファイル\engine\base</Filter>
    </ClInclude>
    <ClInclude Include="engine\base\Logger.h">
      <Filter>ヘッダー ファイル\engine\base</Filter>
    </ClInclude>
    <ClInclude Include="engine\base\RenderTexture.h">
      <Filter>ヘッダー ファイル\engine\base</Filter>
    </ClInclude>
    <ClInclude Include="engine\base\SrvManager.h">
      <Filter>ヘッダー ファイル\engine\base</Filter>
    </ClInclude>
    <ClInclude Include="engine\base\StringUtility.h">
      <Filter>ヘッダー ファイル\engine\base</Filter>
    </ClInclude>
    <ClInclude Include="engine\base\TextureManager.h">
      <Filter>ヘッダー ファイル\engine\base</Filter>
    </ClInclude>
    <ClInclude Include="engine\base\WinAPIManager.h">
      <Filter>ヘッダー ファイル\engine\base</Filter>
    </ClInclude>
    <ClInclude Include="engine\debugDraw\DebugDraw.h">
      <Filter>ヘッダー ファイル\engine\debugDraw</Filter>
    </ClInclude>
    <ClInclude Include="engine\debugDraw\DebugDrawCommon.h">
      <Filter>ヘッダー ファイル\engine\debugDraw</Filter>
    </ClInclude>
    <ClInclude Include="externals\assimp\include\assimp\scene.h">
      <Filter>extarnals\assimp</Filter>
    </ClInclude>
    <ClInclude Include="engine\scene\Game.h">
      <Filter>ヘッダー ファイル\engine\scene</Filter>
    </ClInclude>
    <ClInclude Include="engine\scene\GamePlayScene.h">
      <Filter>ヘッダー ファイル\engine\scene</Filter>
    </ClInclude>
    <ClInclude Include="engine\scene\SceneFactory.h">
      <Filter>ヘッダー ファイル\engine\scene</Filter>
    </ClInclude>
    <ClInclude Include="engine\scene\SceneManager.h">
      <Filter>ヘッダー ファイル\engine\scene</Filter>
    </ClInclude>
    <ClInclude Include="engine\scene\TitleScene.h">
      <Filter>ヘッダー ファイル\engine\scene</Filter>
    </ClInclude>
    <ClInclude Include="engine\io\Input.h">
      <Filter>ヘッダー ファイル\engine\io</Filter>
    </ClInclude>
    <ClInclude Include="engine\math\MathManager.h">
      <Filter>ヘッダー ファイル\engine\math</Filter>
    </ClInclude>
    <ClInclude Include="engine\3d\Model.h">
      <Filter>ヘッダー ファイル\engine\3d</Filter>
    </ClInclude>
    <ClInclude Include="engine\3d\ModelCommon.h">
      <Filter>ヘッダー ファイル\engine\3d</Filter>
    </ClInclude>
    <ClInclude Include="engine\3d\ModelManager.h">
      <Filter>ヘッダー ファイル\engine\3d</Filter>
    </ClInclude>
    <ClInclude Include="engine\3d\Object3d.h">
      <Filter>ヘッダー ファイル\engine\3d</Filter>
    </ClInclude>
    <ClInclude Include="engine\3d\Object3dCommon.h">
      <Filter>ヘッダー ファイル\engine\3d</Filter>
    </ClInclude>
    <ClInclude Include="engine\particle\ParticleEmitter.h">
      <Filter>ヘッダー ファイル\engine\particle</Filter>
    </ClInclude>
    <ClInclude Include="engine\particle\ParticleManager.h">
      <Filter>ヘッダー ファイル\engine\particle</Filter>
    </ClInclude>
    <ClInclude Include="engine\3d\Skybox.h">
      <Filter>ヘッダー ファイル\engine\3d</Filter>
    </ClInclude>
    <ClInclude Include="engine\3d\SkyboxCommon.h">
      <Filter>ヘッダー ファイル\engine\3d</Filter>
    </ClInclude>
    <ClInclude Include="engine\2d\Sprite.h">
      <Filter>ヘッダー ファイル\engine\2d</Filter>
    </ClInclude>
    <ClInclude Include="engine\2d\SpriteCommon.h">
      <Filter>ヘッダー ファイル\engine\2d</Filter>
    </ClInclude>
    <ClInclude Include="engine\stageLoad\StageData.h">
      <Filter>ヘッダー ファイル\engine\stageLoad</Filter>
    </ClInclude>
    <ClInclude Include="engine\stageLoad\StageManager.h">
      <Filter>ヘッダー ファイル\engine\stageLoad</Filter>
    </ClInclude>
    <ClInclude Include="application\enemy\BaseEnemy.h">
      <Filter>ヘッダー ファイル\application\enemy</Filter>
    </ClInclude>
    <ClInclude Include="application\event\BaseEvent.h">
      <Filter>ヘッダー ファイル\application\enemy</Filter>
    </ClInclude>
    <ClInclude Include="application\event\ChangePostEffectEvent.h">
      <Filter>ヘッダー ファイル\application\event</Filter>
    </ClInclude>
    <ClInclude Include="application\event\EventManager.h">
      <Filter>ヘッダー ファイル\application\event</Filter>
    </ClInclude>
    <ClInclude Include="application\enemy\Enemy.h">
      <Filter>ヘッダー ファイル\application\enemy</Filter>
    </ClInclude>
    <ClInclude Include="application\enemy\EnemyManager.h">
      <Filter>ヘッダー ファイル\application\enemy</Filter>
    </ClInclude>
    <ClInclude Include="application\player\Player.h">
      <Filter>ヘッダー ファイル\application\player</Filter>
    </ClInclude>
    <ClInclude Include="application\collider\CollisionManager.h">
      <Filter>ヘッダー ファイル</Filter>
    </ClInclude>
    <ClInclude Include="application\base\BaseCharacter.h">
      <Filter>ヘッダー ファイル</Filter>
    </ClInclude>
    <ClInclude Include="application\railCamera\RailCameraController.h">
      <Filter>ヘッダー ファイル</Filter>
    </ClInclude>
    <ClInclude Include="application\bullet\BaseBullet.h">
      <Filter>ヘッダー ファイル</Filter>
    </ClInclude>
    <ClInclude Include="application\bullet\Bullet.h">
      <Filter>ヘッダー ファイル</Filter>
    </ClInclude>
    <ClInclude Include="application\bullet\BulletManager.h">
      <Filter>ヘッダー ファイル</Filter>
    </ClInclude>
    <ClInclude Include="application\lockOn\LockOn.h">
      <Filter>ヘッダー ファイル</Filter>
    </ClInclude>
    <ClInclude Include="application\skydome\Skydome.h">
      <Filter>ヘッダー ファイル</Filter>
    </ClInclude>
    <ClInclude Include="application\damage\DamageManager.h">
      <Filter>ヘッダー ファイル</Filter>
    </ClInclude>
  </ItemGroup>
  <ItemGroup>
    <None Include="externals\assimp\include\assimp\.editorconfig" />
    <None Include="externals\assimp\include\assimp\config.h.in" />
    <None Include="resources\shaders\debugDraw\DebugDraw.hlsli">
      <Filter>シェーダーファイル</Filter>
    </None>
    <None Include="resources\shaders\postEffect\FullScreen.hlsli">
      <Filter>シェーダーファイル</Filter>
    </None>
    <None Include="resources\shaders\skybox\Skybox.hlsli">
      <Filter>シェーダーファイル</Filter>
    </None>
    <None Include="externals\assimp\include\assimp\color4.inl">
      <Filter>extarnals\assimp</Filter>
    </None>
    <None Include="externals\assimp\include\assimp\material.inl">
      <Filter>extarnals\assimp</Filter>
    </None>
    <None Include="externals\assimp\include\assimp\matrix3x3.inl">
      <Filter>extarnals\assimp</Filter>
    </None>
    <None Include="externals\assimp\include\assimp\matrix4x4.inl">
      <Filter>extarnals\assimp</Filter>
    </None>
    <None Include="externals\assimp\include\assimp\quaternion.inl">
      <Filter>extarnals\assimp</Filter>
    </None>
    <None Include="externals\assimp\include\assimp\SmoothingGroups.inl">
      <Filter>extarnals\assimp</Filter>
    </None>
    <None Include="externals\assimp\include\assimp\vector2.inl">
      <Filter>extarnals\assimp</Filter>
    </None>
    <None Include="externals\assimp\include\assimp\vector3.inl">
      <Filter>extarnals\assimp</Filter>
    </None>
  </ItemGroup>
</Project>